// !$*UTF8*$!
{
	archiveVersion = 1;
	classes = {
	};
	objectVersion = 50;
	objects = {

/* Begin PBXBuildFile section */
		24065D49255DBF3F008BAA1E /* Extension+UIVIew.swift in Sources */ = {isa = PBXBuildFile; fileRef = 24065D48255DBF3F008BAA1E /* Extension+UIVIew.swift */; };
		246FB739255FA97C00F2E0E7 /* GoogleService-Info.plist in Resources */ = {isa = PBXBuildFile; fileRef = 246FB738255FA97C00F2E0E7 /* GoogleService-Info.plist */; };
		2487CD46255D9C810032BF7F /* AppDelegate.swift in Sources */ = {isa = PBXBuildFile; fileRef = 2487CD45255D9C810032BF7F /* AppDelegate.swift */; };
		2487CD4A255D9C810032BF7F /* ConversationsVC.swift in Sources */ = {isa = PBXBuildFile; fileRef = 2487CD49255D9C810032BF7F /* ConversationsVC.swift */; };
		2487CD4D255D9C810032BF7F /* Main.storyboard in Resources */ = {isa = PBXBuildFile; fileRef = 2487CD4B255D9C810032BF7F /* Main.storyboard */; };
		2487CD4F255D9C840032BF7F /* Assets.xcassets in Resources */ = {isa = PBXBuildFile; fileRef = 2487CD4E255D9C840032BF7F /* Assets.xcassets */; };
		2487CD52255D9C840032BF7F /* LaunchScreen.storyboard in Resources */ = {isa = PBXBuildFile; fileRef = 2487CD50255D9C840032BF7F /* LaunchScreen.storyboard */; };
		2487CD64255D9F310032BF7F /* LoginVC.swift in Sources */ = {isa = PBXBuildFile; fileRef = 2487CD63255D9F310032BF7F /* LoginVC.swift */; };
		2487CD67255D9F3B0032BF7F /* RegisterVC.swift in Sources */ = {isa = PBXBuildFile; fileRef = 2487CD66255D9F3B0032BF7F /* RegisterVC.swift */; };
		2487CD6C255D9F6D0032BF7F /* PhotoViewerVC.swift in Sources */ = {isa = PBXBuildFile; fileRef = 2487CD6B255D9F6D0032BF7F /* PhotoViewerVC.swift */; };
		2487CD71255D9F870032BF7F /* VideoPlayerVC.swift in Sources */ = {isa = PBXBuildFile; fileRef = 2487CD70255D9F870032BF7F /* VideoPlayerVC.swift */; };
		2487CD75255D9FB50032BF7F /* NewConversationVC.swift in Sources */ = {isa = PBXBuildFile; fileRef = 2487CD74255D9FB50032BF7F /* NewConversationVC.swift */; };
		2487CD78255D9FDB0032BF7F /* ProfileVC.swift in Sources */ = {isa = PBXBuildFile; fileRef = 2487CD77255D9FDB0032BF7F /* ProfileVC.swift */; };
		728B8E15B0855481B473F43F /* libPods-Messenger.a in Frameworks */ = {isa = PBXBuildFile; fileRef = 9162D62EF440DEBAD5FA90D7 /* libPods-Messenger.a */; };
/* End PBXBuildFile section */

/* Begin PBXFileReference section */
		103ABF05F37FCA083FC5B711 /* Pods-Messenger.release.xcconfig */ = {isa = PBXFileReference; includeInIndex = 1; lastKnownFileType = text.xcconfig; name = "Pods-Messenger.release.xcconfig"; path = "Target Support Files/Pods-Messenger/Pods-Messenger.release.xcconfig"; sourceTree = "<group>"; };
		24065D48255DBF3F008BAA1E /* Extension+UIVIew.swift */ = {isa = PBXFileReference; lastKnownFileType = sourcecode.swift; path = "Extension+UIVIew.swift"; sourceTree = "<group>"; };
		246FB738255FA97C00F2E0E7 /* GoogleService-Info.plist */ = {isa = PBXFileReference; fileEncoding = 4; lastKnownFileType = text.plist.xml; path = "GoogleService-Info.plist"; sourceTree = "<group>"; };
		2487CD42255D9C810032BF7F /* Messenger.app */ = {isa = PBXFileReference; explicitFileType = wrapper.application; includeInIndex = 0; path = Messenger.app; sourceTree = BUILT_PRODUCTS_DIR; };
		2487CD45255D9C810032BF7F /* AppDelegate.swift */ = {isa = PBXFileReference; lastKnownFileType = sourcecode.swift; path = AppDelegate.swift; sourceTree = "<group>"; };
		2487CD49255D9C810032BF7F /* ConversationsVC.swift */ = {isa = PBXFileReference; lastKnownFileType = sourcecode.swift; path = ConversationsVC.swift; sourceTree = "<group>"; };
		2487CD4C255D9C810032BF7F /* Base */ = {isa = PBXFileReference; lastKnownFileType = file.storyboard; name = Base; path = Base.lproj/Main.storyboard; sourceTree = "<group>"; };
		2487CD4E255D9C840032BF7F /* Assets.xcassets */ = {isa = PBXFileReference; lastKnownFileType = folder.assetcatalog; path = Assets.xcassets; sourceTree = "<group>"; };
		2487CD51255D9C840032BF7F /* Base */ = {isa = PBXFileReference; lastKnownFileType = file.storyboard; name = Base; path = Base.lproj/LaunchScreen.storyboard; sourceTree = "<group>"; };
		2487CD53255D9C840032BF7F /* Info.plist */ = {isa = PBXFileReference; lastKnownFileType = text.plist.xml; path = Info.plist; sourceTree = "<group>"; };
		2487CD63255D9F310032BF7F /* LoginVC.swift */ = {isa = PBXFileReference; lastKnownFileType = sourcecode.swift; path = LoginVC.swift; sourceTree = "<group>"; };
		2487CD66255D9F3B0032BF7F /* RegisterVC.swift */ = {isa = PBXFileReference; lastKnownFileType = sourcecode.swift; path = RegisterVC.swift; sourceTree = "<group>"; };
		2487CD6B255D9F6D0032BF7F /* PhotoViewerVC.swift */ = {isa = PBXFileReference; lastKnownFileType = sourcecode.swift; path = PhotoViewerVC.swift; sourceTree = "<group>"; };
		2487CD70255D9F870032BF7F /* VideoPlayerVC.swift */ = {isa = PBXFileReference; lastKnownFileType = sourcecode.swift; path = VideoPlayerVC.swift; sourceTree = "<group>"; };
		2487CD74255D9FB50032BF7F /* NewConversationVC.swift */ = {isa = PBXFileReference; lastKnownFileType = sourcecode.swift; path = NewConversationVC.swift; sourceTree = "<group>"; };
		2487CD77255D9FDB0032BF7F /* ProfileVC.swift */ = {isa = PBXFileReference; lastKnownFileType = sourcecode.swift; path = ProfileVC.swift; sourceTree = "<group>"; };
		836C4983FD46D5715A308BBD /* Pods-Messenger.debug.xcconfig */ = {isa = PBXFileReference; includeInIndex = 1; lastKnownFileType = text.xcconfig; name = "Pods-Messenger.debug.xcconfig"; path = "Target Support Files/Pods-Messenger/Pods-Messenger.debug.xcconfig"; sourceTree = "<group>"; };
		9162D62EF440DEBAD5FA90D7 /* libPods-Messenger.a */ = {isa = PBXFileReference; explicitFileType = archive.ar; includeInIndex = 0; path = "libPods-Messenger.a"; sourceTree = BUILT_PRODUCTS_DIR; };
/* End PBXFileReference section */

/* Begin PBXFrameworksBuildPhase section */
		2487CD3F255D9C800032BF7F /* Frameworks */ = {
			isa = PBXFrameworksBuildPhase;
			buildActionMask = 2147483647;
			files = (
				728B8E15B0855481B473F43F /* libPods-Messenger.a in Frameworks */,
			);
			runOnlyForDeploymentPostprocessing = 0;
		};
/* End PBXFrameworksBuildPhase section */

/* Begin PBXGroup section */
		2487CD39255D9C800032BF7F = {
			isa = PBXGroup;
			children = (
				2487CD44255D9C810032BF7F /* Messenger */,
				2487CD43255D9C810032BF7F /* Products */,
				B67C655B95B3459353AF40CF /* Pods */,
				4D2651804B6E87D52D27DB9F /* Frameworks */,
			);
			sourceTree = "<group>";
		};
		2487CD43255D9C810032BF7F /* Products */ = {
			isa = PBXGroup;
			children = (
				2487CD42255D9C810032BF7F /* Messenger.app */,
			);
			name = Products;
			sourceTree = "<group>";
		};
		2487CD44255D9C810032BF7F /* Messenger */ = {
			isa = PBXGroup;
			children = (
				2487CD5F255D9D750032BF7F /* Resources */,
				2487CD5E255D9D680032BF7F /* ViewModels */,
				2487CD5D255D9D5F0032BF7F /* Models */,
				2487CD5C255D9D530032BF7F /* View */,
				2487CD5B255D9D4A0032BF7F /* Controller */,
				2487CD53255D9C840032BF7F /* Info.plist */,
				246FB738255FA97C00F2E0E7 /* GoogleService-Info.plist */,
			);
			path = Messenger;
			sourceTree = "<group>";
		};
		2487CD5B255D9D4A0032BF7F /* Controller */ = {
			isa = PBXGroup;
			children = (
				2487CD7B255DB9380032BF7F /* Login */,
				2487CD49255D9C810032BF7F /* ConversationsVC.swift */,
				2487CD6B255D9F6D0032BF7F /* PhotoViewerVC.swift */,
				2487CD70255D9F870032BF7F /* VideoPlayerVC.swift */,
				2487CD74255D9FB50032BF7F /* NewConversationVC.swift */,
				2487CD77255D9FDB0032BF7F /* ProfileVC.swift */,
			);
			path = Controller;
			sourceTree = "<group>";
		};
		2487CD5C255D9D530032BF7F /* View */ = {
			isa = PBXGroup;
			children = (
				2487CD60255D9DA60032BF7F /* Storyboards */,
				2487CD4E255D9C840032BF7F /* Assets.xcassets */,
			);
			path = View;
			sourceTree = "<group>";
		};
		2487CD5D255D9D5F0032BF7F /* Models */ = {
			isa = PBXGroup;
			children = (
			);
			path = Models;
			sourceTree = "<group>";
		};
		2487CD5E255D9D680032BF7F /* ViewModels */ = {
			isa = PBXGroup;
			children = (
			);
			path = ViewModels;
			sourceTree = "<group>";
		};
		2487CD5F255D9D750032BF7F /* Resources */ = {
			isa = PBXGroup;
			children = (
				2487CD45255D9C810032BF7F /* AppDelegate.swift */,
				24065D48255DBF3F008BAA1E /* Extension+UIVIew.swift */,
			);
			path = Resources;
			sourceTree = "<group>";
		};
		2487CD60255D9DA60032BF7F /* Storyboards */ = {
			isa = PBXGroup;
			children = (
				2487CD4B255D9C810032BF7F /* Main.storyboard */,
				2487CD50255D9C840032BF7F /* LaunchScreen.storyboard */,
			);
			path = Storyboards;
			sourceTree = "<group>";
		};
		2487CD7B255DB9380032BF7F /* Login */ = {
			isa = PBXGroup;
			children = (
				2487CD63255D9F310032BF7F /* LoginVC.swift */,
				2487CD66255D9F3B0032BF7F /* RegisterVC.swift */,
			);
			path = Login;
			sourceTree = "<group>";
		};
		4D2651804B6E87D52D27DB9F /* Frameworks */ = {
			isa = PBXGroup;
			children = (
				9162D62EF440DEBAD5FA90D7 /* libPods-Messenger.a */,
			);
			name = Frameworks;
			sourceTree = "<group>";
		};
		B67C655B95B3459353AF40CF /* Pods */ = {
			isa = PBXGroup;
			children = (
				836C4983FD46D5715A308BBD /* Pods-Messenger.debug.xcconfig */,
				103ABF05F37FCA083FC5B711 /* Pods-Messenger.release.xcconfig */,
			);
			name = Pods;
			path = Pods;
			sourceTree = "<group>";
		};
/* End PBXGroup section */

/* Begin PBXNativeTarget section */
		2487CD41255D9C800032BF7F /* Messenger */ = {
			isa = PBXNativeTarget;
			buildConfigurationList = 2487CD56255D9C840032BF7F /* Build configuration list for PBXNativeTarget "Messenger" */;
			buildPhases = (
				3E83A8446F3950A7EE08C70A /* [CP] Check Pods Manifest.lock */,
				2487CD3E255D9C800032BF7F /* Sources */,
				2487CD3F255D9C800032BF7F /* Frameworks */,
				2487CD40255D9C800032BF7F /* Resources */,
			);
			buildRules = (
			);
			dependencies = (
			);
			name = Messenger;
			productName = Messenger;
			productReference = 2487CD42255D9C810032BF7F /* Messenger.app */;
			productType = "com.apple.product-type.application";
		};
/* End PBXNativeTarget section */

/* Begin PBXProject section */
		2487CD3A255D9C800032BF7F /* Project object */ = {
			isa = PBXProject;
			attributes = {
				LastSwiftUpdateCheck = 1200;
				LastUpgradeCheck = 1200;
				TargetAttributes = {
					2487CD41255D9C800032BF7F = {
						CreatedOnToolsVersion = 12.0.1;
					};
				};
			};
			buildConfigurationList = 2487CD3D255D9C800032BF7F /* Build configuration list for PBXProject "Messenger" */;
			compatibilityVersion = "Xcode 9.3";
			developmentRegion = en;
			hasScannedForEncodings = 0;
			knownRegions = (
				en,
				Base,
			);
			mainGroup = 2487CD39255D9C800032BF7F;
			productRefGroup = 2487CD43255D9C810032BF7F /* Products */;
			projectDirPath = "";
			projectRoot = "";
			targets = (
				2487CD41255D9C800032BF7F /* Messenger */,
			);
		};
/* End PBXProject section */

/* Begin PBXResourcesBuildPhase section */
		2487CD40255D9C800032BF7F /* Resources */ = {
			isa = PBXResourcesBuildPhase;
			buildActionMask = 2147483647;
			files = (
				2487CD52255D9C840032BF7F /* LaunchScreen.storyboard in Resources */,
				246FB739255FA97C00F2E0E7 /* GoogleService-Info.plist in Resources */,
				2487CD4F255D9C840032BF7F /* Assets.xcassets in Resources */,
				2487CD4D255D9C810032BF7F /* Main.storyboard in Resources */,
			);
			runOnlyForDeploymentPostprocessing = 0;
		};
/* End PBXResourcesBuildPhase section */

/* Begin PBXShellScriptBuildPhase section */
		3E83A8446F3950A7EE08C70A /* [CP] Check Pods Manifest.lock */ = {
			isa = PBXShellScriptBuildPhase;
			buildActionMask = 2147483647;
			files = (
			);
			inputFileListPaths = (
			);
			inputPaths = (
				"${PODS_PODFILE_DIR_PATH}/Podfile.lock",
				"${PODS_ROOT}/Manifest.lock",
			);
			name = "[CP] Check Pods Manifest.lock";
			outputFileListPaths = (
			);
			outputPaths = (
				"$(DERIVED_FILE_DIR)/Pods-Messenger-checkManifestLockResult.txt",
			);
			runOnlyForDeploymentPostprocessing = 0;
			shellPath = /bin/sh;
			shellScript = "diff \"${PODS_PODFILE_DIR_PATH}/Podfile.lock\" \"${PODS_ROOT}/Manifest.lock\" > /dev/null\nif [ $? != 0 ] ; then\n    # print error to STDERR\n    echo \"error: The sandbox is not in sync with the Podfile.lock. Run 'pod install' or update your CocoaPods installation.\" >&2\n    exit 1\nfi\n# This output is used by Xcode 'outputs' to avoid re-running this script phase.\necho \"SUCCESS\" > \"${SCRIPT_OUTPUT_FILE_0}\"\n";
			showEnvVarsInLog = 0;
		};
/* End PBXShellScriptBuildPhase section */

/* Begin PBXSourcesBuildPhase section */
		2487CD3E255D9C800032BF7F /* Sources */ = {
			isa = PBXSourcesBuildPhase;
			buildActionMask = 2147483647;
			files = (
				2487CD4A255D9C810032BF7F /* ConversationsVC.swift in Sources */,
				2487CD67255D9F3B0032BF7F /* RegisterVC.swift in Sources */,
				2487CD75255D9FB50032BF7F /* NewConversationVC.swift in Sources */,
				2487CD46255D9C810032BF7F /* AppDelegate.swift in Sources */,
				2487CD78255D9FDB0032BF7F /* ProfileVC.swift in Sources */,
				24065D49255DBF3F008BAA1E /* Extension+UIVIew.swift in Sources */,
				2487CD6C255D9F6D0032BF7F /* PhotoViewerVC.swift in Sources */,
				2487CD64255D9F310032BF7F /* LoginVC.swift in Sources */,
				2487CD71255D9F870032BF7F /* VideoPlayerVC.swift in Sources */,
			);
			runOnlyForDeploymentPostprocessing = 0;
		};
/* End PBXSourcesBuildPhase section */

/* Begin PBXVariantGroup section */
		2487CD4B255D9C810032BF7F /* Main.storyboard */ = {
			isa = PBXVariantGroup;
			children = (
				2487CD4C255D9C810032BF7F /* Base */,
			);
			name = Main.storyboard;
			sourceTree = "<group>";
		};
		2487CD50255D9C840032BF7F /* LaunchScreen.storyboard */ = {
			isa = PBXVariantGroup;
			children = (
				2487CD51255D9C840032BF7F /* Base */,
			);
			name = LaunchScreen.storyboard;
			sourceTree = "<group>";
		};
/* End PBXVariantGroup section */

/* Begin XCBuildConfiguration section */
		2487CD54255D9C840032BF7F /* Debug */ = {
			isa = XCBuildConfiguration;
			buildSettings = {
				ALWAYS_SEARCH_USER_PATHS = NO;
				CLANG_ANALYZER_NONNULL = YES;
				CLANG_ANALYZER_NUMBER_OBJECT_CONVERSION = YES_AGGRESSIVE;
				CLANG_CXX_LANGUAGE_STANDARD = "gnu++14";
				CLANG_CXX_LIBRARY = "libc++";
				CLANG_ENABLE_MODULES = YES;
				CLANG_ENABLE_OBJC_ARC = YES;
				CLANG_ENABLE_OBJC_WEAK = YES;
				CLANG_WARN_BLOCK_CAPTURE_AUTORELEASING = YES;
				CLANG_WARN_BOOL_CONVERSION = YES;
				CLANG_WARN_COMMA = YES;
				CLANG_WARN_CONSTANT_CONVERSION = YES;
				CLANG_WARN_DEPRECATED_OBJC_IMPLEMENTATIONS = YES;
				CLANG_WARN_DIRECT_OBJC_ISA_USAGE = YES_ERROR;
				CLANG_WARN_DOCUMENTATION_COMMENTS = YES;
				CLANG_WARN_EMPTY_BODY = YES;
				CLANG_WARN_ENUM_CONVERSION = YES;
				CLANG_WARN_INFINITE_RECURSION = YES;
				CLANG_WARN_INT_CONVERSION = YES;
				CLANG_WARN_NON_LITERAL_NULL_CONVERSION = YES;
				CLANG_WARN_OBJC_IMPLICIT_RETAIN_SELF = YES;
				CLANG_WARN_OBJC_LITERAL_CONVERSION = YES;
				CLANG_WARN_OBJC_ROOT_CLASS = YES_ERROR;
				CLANG_WARN_QUOTED_INCLUDE_IN_FRAMEWORK_HEADER = YES;
				CLANG_WARN_RANGE_LOOP_ANALYSIS = YES;
				CLANG_WARN_STRICT_PROTOTYPES = YES;
				CLANG_WARN_SUSPICIOUS_MOVE = YES;
				CLANG_WARN_UNGUARDED_AVAILABILITY = YES_AGGRESSIVE;
				CLANG_WARN_UNREACHABLE_CODE = YES;
				CLANG_WARN__DUPLICATE_METHOD_MATCH = YES;
				COPY_PHASE_STRIP = NO;
				DEBUG_INFORMATION_FORMAT = dwarf;
				ENABLE_STRICT_OBJC_MSGSEND = YES;
				ENABLE_TESTABILITY = YES;
				GCC_C_LANGUAGE_STANDARD = gnu11;
				GCC_DYNAMIC_NO_PIC = NO;
				GCC_NO_COMMON_BLOCKS = YES;
				GCC_OPTIMIZATION_LEVEL = 0;
				GCC_PREPROCESSOR_DEFINITIONS = (
					"DEBUG=1",
					"$(inherited)",
				);
				GCC_WARN_64_TO_32_BIT_CONVERSION = YES;
				GCC_WARN_ABOUT_RETURN_TYPE = YES_ERROR;
				GCC_WARN_UNDECLARED_SELECTOR = YES;
				GCC_WARN_UNINITIALIZED_AUTOS = YES_AGGRESSIVE;
				GCC_WARN_UNUSED_FUNCTION = YES;
				GCC_WARN_UNUSED_VARIABLE = YES;
				IPHONEOS_DEPLOYMENT_TARGET = 14.0;
				MTL_ENABLE_DEBUG_INFO = INCLUDE_SOURCE;
				MTL_FAST_MATH = YES;
				ONLY_ACTIVE_ARCH = YES;
				SDKROOT = iphoneos;
				SWIFT_ACTIVE_COMPILATION_CONDITIONS = DEBUG;
				SWIFT_OPTIMIZATION_LEVEL = "-Onone";
			};
			name = Debug;
		};
		2487CD55255D9C840032BF7F /* Release */ = {
			isa = XCBuildConfiguration;
			buildSettings = {
				ALWAYS_SEARCH_USER_PATHS = NO;
				CLANG_ANALYZER_NONNULL = YES;
				CLANG_ANALYZER_NUMBER_OBJECT_CONVERSION = YES_AGGRESSIVE;
				CLANG_CXX_LANGUAGE_STANDARD = "gnu++14";
				CLANG_CXX_LIBRARY = "libc++";
				CLANG_ENABLE_MODULES = YES;
				CLANG_ENABLE_OBJC_ARC = YES;
				CLANG_ENABLE_OBJC_WEAK = YES;
				CLANG_WARN_BLOCK_CAPTURE_AUTORELEASING = YES;
				CLANG_WARN_BOOL_CONVERSION = YES;
				CLANG_WARN_COMMA = YES;
				CLANG_WARN_CONSTANT_CONVERSION = YES;
				CLANG_WARN_DEPRECATED_OBJC_IMPLEMENTATIONS = YES;
				CLANG_WARN_DIRECT_OBJC_ISA_USAGE = YES_ERROR;
				CLANG_WARN_DOCUMENTATION_COMMENTS = YES;
				CLANG_WARN_EMPTY_BODY = YES;
				CLANG_WARN_ENUM_CONVERSION = YES;
				CLANG_WARN_INFINITE_RECURSION = YES;
				CLANG_WARN_INT_CONVERSION = YES;
				CLANG_WARN_NON_LITERAL_NULL_CONVERSION = YES;
				CLANG_WARN_OBJC_IMPLICIT_RETAIN_SELF = YES;
				CLANG_WARN_OBJC_LITERAL_CONVERSION = YES;
				CLANG_WARN_OBJC_ROOT_CLASS = YES_ERROR;
				CLANG_WARN_QUOTED_INCLUDE_IN_FRAMEWORK_HEADER = YES;
				CLANG_WARN_RANGE_LOOP_ANALYSIS = YES;
				CLANG_WARN_STRICT_PROTOTYPES = YES;
				CLANG_WARN_SUSPICIOUS_MOVE = YES;
				CLANG_WARN_UNGUARDED_AVAILABILITY = YES_AGGRESSIVE;
				CLANG_WARN_UNREACHABLE_CODE = YES;
				CLANG_WARN__DUPLICATE_METHOD_MATCH = YES;
				COPY_PHASE_STRIP = NO;
				DEBUG_INFORMATION_FORMAT = "dwarf-with-dsym";
				ENABLE_NS_ASSERTIONS = NO;
				ENABLE_STRICT_OBJC_MSGSEND = YES;
				GCC_C_LANGUAGE_STANDARD = gnu11;
				GCC_NO_COMMON_BLOCKS = YES;
				GCC_WARN_64_TO_32_BIT_CONVERSION = YES;
				GCC_WARN_ABOUT_RETURN_TYPE = YES_ERROR;
				GCC_WARN_UNDECLARED_SELECTOR = YES;
				GCC_WARN_UNINITIALIZED_AUTOS = YES_AGGRESSIVE;
				GCC_WARN_UNUSED_FUNCTION = YES;
				GCC_WARN_UNUSED_VARIABLE = YES;
				IPHONEOS_DEPLOYMENT_TARGET = 14.0;
				MTL_ENABLE_DEBUG_INFO = NO;
				MTL_FAST_MATH = YES;
				SDKROOT = iphoneos;
				SWIFT_COMPILATION_MODE = wholemodule;
				SWIFT_OPTIMIZATION_LEVEL = "-O";
				VALIDATE_PRODUCT = YES;
			};
			name = Release;
		};
		2487CD57255D9C840032BF7F /* Debug */ = {
			isa = XCBuildConfiguration;
			baseConfigurationReference = 836C4983FD46D5715A308BBD /* Pods-Messenger.debug.xcconfig */;
			buildSettings = {
				ASSETCATALOG_COMPILER_APPICON_NAME = AppIcon;
				ASSETCATALOG_COMPILER_GLOBAL_ACCENT_COLOR_NAME = AccentColor;
				CODE_SIGN_STYLE = Automatic;
				DEVELOPMENT_TEAM = 97LW7K8PJ2;
				INFOPLIST_FILE = Messenger/Info.plist;
				IPHONEOS_DEPLOYMENT_TARGET = 10.0;
				LD_RUNPATH_SEARCH_PATHS = (
					"$(inherited)",
					"@executable_path/Frameworks",
				);
				PRODUCT_BUNDLE_IDENTIFIER = com.AshishYadav.Messenger;
				PRODUCT_NAME = "$(TARGET_NAME)";
				SWIFT_VERSION = 5.0;
				TARGETED_DEVICE_FAMILY = "1,2";
			};
			name = Debug;
		};
		2487CD58255D9C840032BF7F /* Release */ = {
			isa = XCBuildConfiguration;
			baseConfigurationReference = 103ABF05F37FCA083FC5B711 /* Pods-Messenger.release.xcconfig */;
			buildSettings = {
				ASSETCATALOG_COMPILER_APPICON_NAME = AppIcon;
				ASSETCATALOG_COMPILER_GLOBAL_ACCENT_COLOR_NAME = AccentColor;
				CODE_SIGN_STYLE = Automatic;
				DEVELOPMENT_TEAM = 97LW7K8PJ2;
				INFOPLIST_FILE = Messenger/Info.plist;
				IPHONEOS_DEPLOYMENT_TARGET = 10.0;
				LD_RUNPATH_SEARCH_PATHS = (
					"$(inherited)",
					"@executable_path/Frameworks",
				);
				PRODUCT_BUNDLE_IDENTIFIER = com.AshishYadav.Messenger;
				PRODUCT_NAME = "$(TARGET_NAME)";
				SWIFT_VERSION = 5.0;
				TARGETED_DEVICE_FAMILY = "1,2";
			};
			name = Release;
		};
/* End XCBuildConfiguration section */

/* Begin XCConfigurationList section */
		2487CD3D255D9C800032BF7F /* Build configuration list for PBXProject "Messenger" */ = {
			isa = XCConfigurationList;
			buildConfigurations = (
				2487CD54255D9C840032BF7F /* Debug */,
				2487CD55255D9C840032BF7F /* Release */,
			);
			defaultConfigurationIsVisible = 0;
			defaultConfigurationName = Release;
		};
		2487CD56255D9C840032BF7F /* Build configuration list for PBXNativeTarget "Messenger" */ = {
			isa = XCConfigurationList;
			buildConfigurations = (
				2487CD57255D9C840032BF7F /* Debug */,
				2487CD58255D9C840032BF7F /* Release */,
			);
			defaultConfigurationIsVisible = 0;
			defaultConfigurationName = Release;
		};
/* End XCConfigurationList section */
	};
	rootObject = 2487CD3A255D9C800032BF7F /* Project object */;
}
